
Microsoft Visual Studio Solution File, Format Version 12.00
# Visual Studio Version 17
VisualStudioVersion = 17.7.34031.279
MinimumVisualStudioVersion = 10.0.40219.1
Project("{FAE04EC0-301F-11D3-BF4B-00C04F79EFBC}") = "Juego De Dados", "Juego De Dados\Juego De Dados.csproj", "{83EFCC2C-520E-4286-8158-0CEE65D146AF}"
EndProject
Global
	GlobalSection(SolutionConfigurationPlatforms) = preSolution
		Debug|Any CPU = Debug|Any CPU
		Release|Any CPU = Release|Any CPU
	EndGlobalSection
	GlobalSection(ProjectConfigurationPlatforms) = postSolution
		{83EFCC2C-520E-4286-8158-0CEE65D146AF}.Debug|Any CPU.ActiveCfg = Debug|Any CPU
		{83EFCC2C-520E-4286-8158-0CEE65D146AF}.Debug|Any CPU.Build.0 = Debug|Any CPU
		{83EFCC2C-520E-4286-8158-0CEE65D146AF}.Release|Any CPU.ActiveCfg = Release|Any CPU
		{83EFCC2C-520E-4286-8158-0CEE65D146AF}.Release|Any CPU.Build.0 = Release|Any CPU
	EndGlobalSection
	GlobalSection(SolutionProperties) = preSolution
		HideSolutionNode = FALSE
	EndGlobalSection
	GlobalSection(ExtensibilityGlobals) = postSolution
		SolutionGuid = {E8F21B3D-5B50-4009-AB7E-1B7E7AC481E9}
	EndGlobalSection
EndGlobal
